
Microsoft Visual Studio Solution File, Format Version 12.00
# Visual Studio Version 16
VisualStudioVersion = 16.0.30907.101
MinimumVisualStudioVersion = 10.0.40219.1
Project("{FAE04EC0-301F-11D3-BF4B-00C04F79EFBC}") = "DragonarGame", "DragonarGame\DragonarGame.csproj", "{A549346B-1024-4299-8620-DD0C0126C02A}"
EndProject
Global
	GlobalSection(SolutionConfigurationPlatforms) = preSolution
		Debug|Any CPU = Debug|Any CPU
		Release|Any CPU = Release|Any CPU
	EndGlobalSection
	GlobalSection(ProjectConfigurationPlatforms) = postSolution
		{A549346B-1024-4299-8620-DD0C0126C02A}.Debug|Any CPU.ActiveCfg = Debug|Any CPU
		{A549346B-1024-4299-8620-DD0C0126C02A}.Debug|Any CPU.Build.0 = Debug|Any CPU
		{A549346B-1024-4299-8620-DD0C0126C02A}.Release|Any CPU.ActiveCfg = Release|Any CPU
		{A549346B-1024-4299-8620-DD0C0126C02A}.Release|Any CPU.Build.0 = Release|Any CPU
	EndGlobalSection
	GlobalSection(SolutionProperties) = preSolution
		HideSolutionNode = FALSE
	EndGlobalSection
	GlobalSection(ExtensibilityGlobals) = postSolution
		SolutionGuid = {112C8919-1AB5-4580-8BDA-EB05FA0A506F}
	EndGlobalSection
EndGlobal
