
Microsoft Visual Studio Solution File, Format Version 12.00
# Visual Studio Version 16
VisualStudioVersion = 16.0.30907.101
MinimumVisualStudioVersion = 10.0.40219.1
Project("{FAE04EC0-301F-11D3-BF4B-00C04F79EFBC}") = "03_Conditions", "03_Conditions\03_Conditions.csproj", "{05257B56-3A22-4BFD-942D-0FACC37AE998}"
EndProject
Project("{FAE04EC0-301F-11D3-BF4B-00C04F79EFBC}") = "05_Classes", "05_Classes\05_Classes.csproj", "{AB0D2BCC-9470-40C6-89CB-AB7AFBAB1116}"
EndProject
Project("{FAE04EC0-301F-11D3-BF4B-00C04F79EFBC}") = "06_InheritenceClasses", "06_InheritenceClasses\06_InheritenceClasses.csproj", "{E55A08D4-6F83-4154-80CD-AE04EE9F811A}"
EndProject
Project("{FAE04EC0-301F-11D3-BF4B-00C04F79EFBC}") = "07_RepoPattern", "07_RepoPattern\07_RepoPattern.csproj", "{8EEB2B9C-27A1-484B-B8D1-9D791E5EF792}"
EndProject
Project("{FAE04EC0-301F-11D3-BF4B-00C04F79EFBC}") = "08_RepoPattern_Tests", "08_RepoPattern_Tests\08_RepoPattern_Tests.csproj", "{1630E3E4-C18D-4F4C-B16B-7BEDDB5B3C3C}"
EndProject
Global
	GlobalSection(SolutionConfigurationPlatforms) = preSolution
		Debug|Any CPU = Debug|Any CPU
		Release|Any CPU = Release|Any CPU
	EndGlobalSection
	GlobalSection(ProjectConfigurationPlatforms) = postSolution
		{05257B56-3A22-4BFD-942D-0FACC37AE998}.Debug|Any CPU.ActiveCfg = Debug|Any CPU
		{05257B56-3A22-4BFD-942D-0FACC37AE998}.Debug|Any CPU.Build.0 = Debug|Any CPU
		{05257B56-3A22-4BFD-942D-0FACC37AE998}.Release|Any CPU.ActiveCfg = Release|Any CPU
		{05257B56-3A22-4BFD-942D-0FACC37AE998}.Release|Any CPU.Build.0 = Release|Any CPU
		{AB0D2BCC-9470-40C6-89CB-AB7AFBAB1116}.Debug|Any CPU.ActiveCfg = Debug|Any CPU
		{AB0D2BCC-9470-40C6-89CB-AB7AFBAB1116}.Debug|Any CPU.Build.0 = Debug|Any CPU
		{AB0D2BCC-9470-40C6-89CB-AB7AFBAB1116}.Release|Any CPU.ActiveCfg = Release|Any CPU
		{AB0D2BCC-9470-40C6-89CB-AB7AFBAB1116}.Release|Any CPU.Build.0 = Release|Any CPU
		{E55A08D4-6F83-4154-80CD-AE04EE9F811A}.Debug|Any CPU.ActiveCfg = Debug|Any CPU
		{E55A08D4-6F83-4154-80CD-AE04EE9F811A}.Debug|Any CPU.Build.0 = Debug|Any CPU
		{E55A08D4-6F83-4154-80CD-AE04EE9F811A}.Release|Any CPU.ActiveCfg = Release|Any CPU
		{E55A08D4-6F83-4154-80CD-AE04EE9F811A}.Release|Any CPU.Build.0 = Release|Any CPU
		{8EEB2B9C-27A1-484B-B8D1-9D791E5EF792}.Debug|Any CPU.ActiveCfg = Debug|Any CPU
		{8EEB2B9C-27A1-484B-B8D1-9D791E5EF792}.Debug|Any CPU.Build.0 = Debug|Any CPU
		{8EEB2B9C-27A1-484B-B8D1-9D791E5EF792}.Release|Any CPU.ActiveCfg = Release|Any CPU
		{8EEB2B9C-27A1-484B-B8D1-9D791E5EF792}.Release|Any CPU.Build.0 = Release|Any CPU
		{1630E3E4-C18D-4F4C-B16B-7BEDDB5B3C3C}.Debug|Any CPU.ActiveCfg = Debug|Any CPU
		{1630E3E4-C18D-4F4C-B16B-7BEDDB5B3C3C}.Debug|Any CPU.Build.0 = Debug|Any CPU
		{1630E3E4-C18D-4F4C-B16B-7BEDDB5B3C3C}.Release|Any CPU.ActiveCfg = Release|Any CPU
		{1630E3E4-C18D-4F4C-B16B-7BEDDB5B3C3C}.Release|Any CPU.Build.0 = Release|Any CPU
	EndGlobalSection
	GlobalSection(SolutionProperties) = preSolution
		HideSolutionNode = FALSE
	EndGlobalSection
	GlobalSection(ExtensibilityGlobals) = postSolution
		SolutionGuid = {E32C4941-05A9-4955-B897-E9A1743DDC1B}
	EndGlobalSection
EndGlobal
